{
  "lockfile-version": 1,
  "manifest": {
    "schema-version": "1.12.0",
    "install": {
      "age": {
        "pkg-path": "age",
        "version": "1.3.1"
      },
      "gh": {
        "pkg-path": "gh",
        "version": "2.94.0"
      },
      "python": {
        "pkg-path": "python313",
        "version": "python3-3.13.13"
      },
      "sops": {
        "pkg-path": "sops",
        "version": "3.13.1"
      },
      "uv": {
        "pkg-path": "uv",
        "version": "0.11.19"
      },
      "yq": {
        "pkg-path": "yq-go",
        "version": "4.53.3"
      }
    },
    "hook": {
      "on-activate": "export PYTHONPATH=\"$FLOX_ENV_PROJECT/src${PYTHONPATH:+:$PYTHONPATH}\"\nexport PYTHONPYCACHEPREFIX=\"$FLOX_ENV_CACHE/python\"\n"
    },
    "options": {}
  },
  "packages": [
    {
      "attr_path": "age",
      "broken": false,
      "derivation": "/nix/store/m9jb41mwngljhmcnv1dlpl2i4vxbwpf9-age-1.3.1.drv",
      "description": "Modern encryption tool with small explicit keys",
      "install_id": "age",
      "license": "BSD-3-Clause",
      "locked_url": "https://github.com/flox/nixpkgs?rev=567a49d1913ce81ac6e9582e3553dd90a955875f",
      "name": "age-1.3.1",
      "pname": "age",
      "rev": "567a49d1913ce81ac6e9582e3553dd90a955875f",
      "rev_count": 1017464,
      "rev_date": "2026-06-16T02:33:49Z",
      "scrape_date": "2026-06-17T03:13:13.407768Z",
      "stabilities": [
        "unstable"
      ],
      "unfree": false,
      "version": "1.3.1",
      "outputs_to_install": [
        "out"
      ],
      "outputs": {
        "out": "/nix/store/inpnmna2i94z1ghgc93gk75kj2cdylwa-age-1.3.1"
      },
      "system": "aarch64-darwin",
      "group": "toplevel",
      "priority": 5
    },
    {
      "attr_path": "age",
      "broken": false,
      "derivation": "/nix/store/7khw26isicsg3hgfcrsd540wrs2kmvj4-age-1.3.1.drv",
      "description": "Modern encryption tool with small explicit keys",
      "install_id": "age",
      "license": "BSD-3-Clause",
      "locked_url": "https://github.com/flox/nixpkgs?rev=567a49d1913ce81ac6e9582e3553dd90a955875f",
      "name": "age-1.3.1",
      "pname": "age",
      "rev": "567a49d1913ce81ac6e9582e3553dd90a955875f",
      "rev_count": 1017464,
      "rev_date": "2026-06-16T02:33:49Z",
      "scrape_date": "2026-06-17T03:44:07.746085Z",
      "stabilities": [
        "unstable"
      ],
      "unfree": false,
      "version": "1.3.1",
      "outputs_to_install": [
        "out"
      ],
      "outputs": {
        "out": "/nix/store/04p6xzl2z72l8x4krc2d0k36q75nwf3b-age-1.3.1"
      },
      "system": "aarch64-linux",
      "group": "toplevel",
      "priority": 5
    },
    {
      "attr_path": "age",
      "broken": false,
      "derivation": "/nix/store/1lbx5prwf6i13cv045wyvcfiiwvqfdgl-age-1.3.1.drv",
      "description": "Modern encryption tool with small explicit keys",
      "install_id": "age",
      "license": "BSD-3-Clause",
      "locked_url": "https://github.com/flox/nixpkgs?rev=567a49d1913ce81ac6e9582e3553dd90a955875f",
      "name": "age-1.3.1",
      "pname": "age",
      "rev": "567a49d1913ce81ac6e9582e3553dd90a955875f",
      "rev_count": 1017464,
      "rev_date": "2026-06-16T02:33:49Z",
      "scrape_date": "2026-06-17T04:13:05.710499Z",
      "stabilities": [
        "unstable"
      ],
      "unfree": false,
      "version": "1.3.1",
      "outputs_to_install": [
        "out"
      ],
      "outputs": {
        "out": "/nix/store/cdygbadz3pjr9arakaldh5hph1s8a47l-age-1.3.1"
      },
      "system": "x86_64-darwin",
      "group": "toplevel",
      "priority": 5
    },
    {
      "attr_path": "age",
      "broken": false,
      "derivation": "/nix/store/5vv21n4231dslsarhb2lppv60lmsr9k3-age-1.3.1.drv",
      "description": "Modern encryption tool with small explicit keys",
      "install_id": "age",
      "license": "BSD-3-Clause",
      "locked_url": "https://github.com/flox/nixpkgs?rev=567a49d1913ce81ac6e9582e3553dd90a955875f",
      "name": "age-1.3.1",
      "pname": "age",
      "rev": "567a49d1913ce81ac6e9582e3553dd90a955875f",
      "rev_count": 1017464,
      "rev_date": "2026-06-16T02:33:49Z",
      "scrape_date": "2026-06-17T04:47:03.701368Z",
      "stabilities": [
        "unstable"
      ],
      "unfree": false,
      "version": "1.3.1",
      "outputs_to_install": [
        "out"
      ],
      "outputs": {
        "out": "/nix/store/ipcrbbd4c60cdf5wrx5zw6z3a8f0p4cp-age-1.3.1"
      },
      "system": "x86_64-linux",
      "group": "toplevel",
      "priority": 5
    },
    {
      "attr_path": "gh",
      "broken": false,
      "derivation": "/nix/store/0b1rr788bzlh8zmsf25fbhrxjlq9yclp-gh-2.94.0.drv",
      "description": "GitHub CLI tool",
      "install_id": "gh",
      "license": "MIT",
      "locked_url": "https://github.com/flox/nixpkgs?rev=567a49d1913ce81ac6e9582e3553dd90a955875f",
      "name": "gh-2.94.0",
      "pname": "gh",
      "rev": "567a49d1913ce81ac6e9582e3553dd90a955875f",
      "rev_count": 1017464,
      "rev_date": "2026-06-16T02:33:49Z",
      "scrape_date": "2026-06-17T03:13:14.808449Z",
      "stabilities": [
        "unstable"
      ],
      "unfree": false,
      "version": "2.94.0",
      "outputs_to_install": [
        "out"
      ],
      "outputs": {
        "out": "/nix/store/fhnpw0hs0gjms1ha6ap02jq7rx13gkbp-gh-2.94.0"
      },
      "system": "aarch64-darwin",
      "group": "toplevel",
      "priority": 5
    },
    {
      "attr_path": "gh",
      "broken": false,
      "derivation": "/nix/store/5slfl28gq94vb53jnixfrr2hw98fk84p-gh-2.94.0.drv",
      "description": "GitHub CLI tool",
      "install_id": "gh",
      "license": "MIT",
      "locked_url": "https://github.com/flox/nixpkgs?rev=567a49d1913ce81ac6e9582e3553dd90a955875f",
      "name": "gh-2.94.0",
      "pname": "gh",
      "rev": "567a49d1913ce81ac6e9582e3553dd90a955875f",
      "rev_count": 1017464,
      "rev_date": "2026-06-16T02:33:49Z",
      "scrape_date": "2026-06-17T03:44:09.734419Z",
      "stabilities": [
        "unstable"
      ],
      "unfree": false,
      "version": "2.94.0",
      "outputs_to_install": [
        "out"
      ],
      "outputs": {
        "out": "/nix/store/7hh2qi0gj2ifbxbl56cjzbiyfc379bji-gh-2.94.0"
      },
      "system": "aarch64-linux",
      "group": "toplevel",
      "priority": 5
    },
    {
      "attr_path": "gh",
      "broken": false,
      "derivation": "/nix/store/zghklkkb7vhjrmn23d74cq945v8vb2qv-gh-2.94.0.drv",
      "description": "GitHub CLI tool",
      "install_id": "gh",
      "license": "MIT",
      "locked_url": "https://github.com/flox/nixpkgs?rev=567a49d1913ce81ac6e9582e3553dd90a955875f",
      "name": "gh-2.94.0",
      "pname": "gh",
      "rev": "567a49d1913ce81ac6e9582e3553dd90a955875f",
      "rev_count": 1017464,
      "rev_date": "2026-06-16T02:33:49Z",
      "scrape_date": "2026-06-17T04:13:07.124706Z",
      "stabilities": [
        "unstable"
      ],
      "unfree": false,
      "version": "2.94.0",
      "outputs_to_install": [
        "out"
      ],
      "outputs": {
        "out": "/nix/store/3ywrz2hvn6gafpms9ll5gr6ka5rismyq-gh-2.94.0"
      },
      "system": "x86_64-darwin",
      "group": "toplevel",
      "priority": 5
    },
    {
      "attr_path": "gh",
      "broken": false,
      "derivation": "/nix/store/czp1r0mb7ks6ag4lacb8pcv705yavfil-gh-2.94.0.drv",
      "description": "GitHub CLI tool",
      "install_id": "gh",
      "license": "MIT",
      "locked_url": "https://github.com/flox/nixpkgs?rev=567a49d1913ce81ac6e9582e3553dd90a955875f",
      "name": "gh-2.94.0",
      "pname": "gh",
      "rev": "567a49d1913ce81ac6e9582e3553dd90a955875f",
      "rev_count": 1017464,
      "rev_date": "2026-06-16T02:33:49Z",
      "scrape_date": "2026-06-17T04:47:05.900645Z",
      "stabilities": [
        "unstable"
      ],
      "unfree": false,
      "version": "2.94.0",
      "outputs_to_install": [
        "out"
      ],
      "outputs": {
        "out": "/nix/store/pidh15szlsb1vc41xdsa3xbdghdazvby-gh-2.94.0"
      },
      "system": "x86_64-linux",
      "group": "toplevel",
      "priority": 5
    },
    {
      "attr_path": "python313",
      "broken": false,
      "derivation": "/nix/store/bknb559vqzsgsrjz47gr6yfl8ivz60cs-python3-3.13.13.drv",
      "description": "High-level dynamically-typed programming language",
      "install_id": "python",
      "license": "Python-2.0",
      "locked_url": "https://github.com/flox/nixpkgs?rev=567a49d1913ce81ac6e9582e3553dd90a955875f",
      "name": "python3-3.13.13",
      "pname": "python313",
      "rev": "567a49d1913ce81ac6e9582e3553dd90a955875f",
      "rev_count": 1017464,
      "rev_date": "2026-06-16T02:33:49Z",
      "scrape_date": "2026-06-17T03:13:55.990993Z",
      "stabilities": [
        "unstable"
      ],
      "unfree": false,
      "version": "python3-3.13.13",
      "outputs_to_install": [
        "out",
        "out"
      ],
      "outputs": {
        "out": "/nix/store/ygxqin6ydzjfawywqpp5pal8wv6sf5bh-python3-3.13.13"
      },
      "system": "aarch64-darwin",
      "group": "toplevel",
      "priority": 5
    },
    {
      "attr_path": "python313",
      "broken": false,
      "derivation": "/nix/store/x2hqw4p7ypn5mh08wgv4h37g6pqnw9ka-python3-3.13.13.drv",
      "description": "High-level dynamically-typed programming language",
      "install_id": "python",
      "license": "Python-2.0",
      "locked_url": "https://github.com/flox/nixpkgs?rev=567a49d1913ce81ac6e9582e3553dd90a955875f",
      "name": "python3-3.13.13",
      "pname": "python313",
      "rev": "567a49d1913ce81ac6e9582e3553dd90a955875f",
      "rev_count": 1017464,
      "rev_date": "2026-06-16T02:33:49Z",
      "scrape_date": "2026-06-17T03:45:10.923226Z",
      "stabilities": [
        "unstable"
      ],
      "unfree": false,
      "version": "python3-3.13.13",
      "outputs_to_install": [
        "out",
        "out",
        "out"
      ],
      "outputs": {
        "debug": "/nix/store/wsi1phrz2gvs0xa8gxsq34mbdpr0s6h0-python3-3.13.13-debug",
        "out": "/nix/store/lqn6mbgzzdrqq2qkwddcmxj9z6amdd86-python3-3.13.13"
      },
      "system": "aarch64-linux",
      "group": "toplevel",
      "priority": 5
    },
    {
      "attr_path": "python313",
      "broken": false,
      "derivation": "/nix/store/klsjr5grg2dlgbsimgczsz32s6h0s7ps-python3-3.13.13.drv",
      "description": "High-level dynamically-typed programming language",
      "install_id": "python",
      "license": "Python-2.0",
      "locked_url": "https://github.com/flox/nixpkgs?rev=567a49d1913ce81ac6e9582e3553dd90a955875f",
      "name": "python3-3.13.13",
      "pname": "python313",
      "rev": "567a49d1913ce81ac6e9582e3553dd90a955875f",
      "rev_count": 1017464,
      "rev_date": "2026-06-16T02:33:49Z",
      "scrape_date": "2026-06-17T04:13:49.666281Z",
      "stabilities": [
        "unstable"
      ],
      "unfree": false,
      "version": "python3-3.13.13",
      "outputs_to_install": [
        "out",
        "out"
      ],
      "outputs": {
        "out": "/nix/store/fyyi8b1dpk3xpjnn52rznnpvlyivds97-python3-3.13.13"
      },
      "system": "x86_64-darwin",
      "group": "toplevel",
      "priority": 5
    },
    {
      "attr_path": "python313",
      "broken": false,
      "derivation": "/nix/store/3qs947by1lp93b4gnfisb3jx67mpkd3c-python3-3.13.13.drv",
      "description": "High-level dynamically-typed programming language",
      "install_id": "python",
      "license": "Python-2.0",
      "locked_url": "https://github.com/flox/nixpkgs?rev=567a49d1913ce81ac6e9582e3553dd90a955875f",
      "name": "python3-3.13.13",
      "pname": "python313",
      "rev": "567a49d1913ce81ac6e9582e3553dd90a955875f",
      "rev_count": 1017464,
      "rev_date": "2026-06-16T02:33:49Z",
      "scrape_date": "2026-06-17T04:48:11.376166Z",
      "stabilities": [
        "unstable"
      ],
      "unfree": false,
      "version": "python3-3.13.13",
      "outputs_to_install": [
        "out",
        "out",
        "out",
        "out",
        "out",
        "out"
      ],
      "outputs": {
        "debug": "/nix/store/f8f8fd1yyvay2916vv1lk77v4cy5p3wz-python3-3.13.13-debug",
        "out": "/nix/store/60m4rxhg2fldqaak400c0lry96ijrzqn-python3-3.13.13"
      },
      "system": "x86_64-linux",
      "group": "toplevel",
      "priority": 5
    },
    {
      "attr_path": "sops",
      "broken": false,
      "derivation": "/nix/store/njmkxf6dcp77pdihb5dz4y5716kycqzc-sops-3.13.1.drv",
      "description": "Simple and flexible tool for managing secrets",
      "install_id": "sops",
      "license": "MPL-2.0",
      "locked_url": "https://github.com/flox/nixpkgs?rev=567a49d1913ce81ac6e9582e3553dd90a955875f",
      "name": "sops-3.13.1",
      "pname": "sops",
      "rev": "567a49d1913ce81ac6e9582e3553dd90a955875f",
      "rev_count": 1017464,
      "rev_date": "2026-06-16T02:33:49Z",
      "scrape_date": "2026-06-17T03:15:13.552757Z",
      "stabilities": [
        "unstable"
      ],
      "unfree": false,
      "version": "3.13.1",
      "outputs_to_install": [
        "out"
      ],
      "outputs": {
        "out": "/nix/store/j433ly18f1787pxcwv7kk3jg9h9rcq13-sops-3.13.1"
      },
      "system": "aarch64-darwin",
      "group": "toplevel",
      "priority": 5
    },
    {
      "attr_path": "sops",
      "broken": false,
      "derivation": "/nix/store/pizhgc2mwhllclvia8nsqji9dwhmhhkp-sops-3.13.1.drv",
      "description": "Simple and flexible tool for managing secrets",
      "install_id": "sops",
      "license": "MPL-2.0",
      "locked_url": "https://github.com/flox/nixpkgs?rev=567a49d1913ce81ac6e9582e3553dd90a955875f",
      "name": "sops-3.13.1",
      "pname": "sops",
      "rev": "567a49d1913ce81ac6e9582e3553dd90a955875f",
      "rev_count": 1017464,
      "rev_date": "2026-06-16T02:33:49Z",
      "scrape_date": "2026-06-17T03:46:40.189718Z",
      "stabilities": [
        "unstable"
      ],
      "unfree": false,
      "version": "3.13.1",
      "outputs_to_install": [
        "out"
      ],
      "outputs": {
        "out": "/nix/store/pj10jlcdgx8239613lphflqqjcxnr26v-sops-3.13.1"
      },
      "system": "aarch64-linux",
      "group": "toplevel",
      "priority": 5
    },
    {
      "attr_path": "sops",
      "broken": false,
      "derivation": "/nix/store/glxr7wdrbfmxsb14w43rmsi9m43n2z2q-sops-3.13.1.drv",
      "description": "Simple and flexible tool for managing secrets",
      "install_id": "sops",
      "license": "MPL-2.0",
      "locked_url": "https://github.com/flox/nixpkgs?rev=567a49d1913ce81ac6e9582e3553dd90a955875f",
      "name": "sops-3.13.1",
      "pname": "sops",
      "rev": "567a49d1913ce81ac6e9582e3553dd90a955875f",
      "rev_count": 1017464,
      "rev_date": "2026-06-16T02:33:49Z",
      "scrape_date": "2026-06-17T04:15:07.180267Z",
      "stabilities": [
        "unstable"
      ],
      "unfree": false,
      "version": "3.13.1",
      "outputs_to_install": [
        "out"
      ],
      "outputs": {
        "out": "/nix/store/gnz4qz85gim63730wdc4nk9zra8kcjrm-sops-3.13.1"
      },
      "system": "x86_64-darwin",
      "group": "toplevel",
      "priority": 5
    },
    {
      "attr_path": "sops",
      "broken": false,
      "derivation": "/nix/store/8nx93ppjl7ynm75854x90l0w97apridm-sops-3.13.1.drv",
      "description": "Simple and flexible tool for managing secrets",
      "install_id": "sops",
      "license": "MPL-2.0",
      "locked_url": "https://github.com/flox/nixpkgs?rev=567a49d1913ce81ac6e9582e3553dd90a955875f",
      "name": "sops-3.13.1",
      "pname": "sops",
      "rev": "567a49d1913ce81ac6e9582e3553dd90a955875f",
      "rev_count": 1017464,
      "rev_date": "2026-06-16T02:33:49Z",
      "scrape_date": "2026-06-17T04:49:43.142980Z",
      "stabilities": [
        "unstable"
      ],
      "unfree": false,
      "version": "3.13.1",
      "outputs_to_install": [
        "out"
      ],
      "outputs": {
        "out": "/nix/store/yzsjydzzq2vza6l136879f5cwn3ni2d5-sops-3.13.1"
      },
      "system": "x86_64-linux",
      "group": "toplevel",
      "priority": 5
    },
    {
      "attr_path": "uv",
      "broken": false,
      "derivation": "/nix/store/g2v83w67p7idivqaqaw3b14g20pqph7r-uv-0.11.19.drv",
      "description": "Extremely fast Python package installer and resolver, written in Rust",
      "install_id": "uv",
      "license": "[ Apache-2.0, MIT ]",
      "locked_url": "https://github.com/flox/nixpkgs?rev=567a49d1913ce81ac6e9582e3553dd90a955875f",
      "name": "uv-0.11.19",
      "pname": "uv",
      "rev": "567a49d1913ce81ac6e9582e3553dd90a955875f",
      "rev_count": 1017464,
      "rev_date": "2026-06-16T02:33:49Z",
      "scrape_date": "2026-06-17T03:16:02.075201Z",
      "stabilities": [
        "unstable"
      ],
      "unfree": false,
      "version": "0.11.19",
      "outputs_to_install": [
        "out"
      ],
      "outputs": {
        "out": "/nix/store/85f6iib2zbi10bkkimkazkin1iv2b7nc-uv-0.11.19"
      },
      "system": "aarch64-darwin",
      "group": "toplevel",
      "priority": 5
    },
    {
      "attr_path": "uv",
      "broken": false,
      "derivation": "/nix/store/z16lgmrwgsa4qb5bgavcb4rb796arczr-uv-0.11.19.drv",
      "description": "Extremely fast Python package installer and resolver, written in Rust",
      "install_id": "uv",
      "license": "[ Apache-2.0, MIT ]",
      "locked_url": "https://github.com/flox/nixpkgs?rev=567a49d1913ce81ac6e9582e3553dd90a955875f",
      "name": "uv-0.11.19",
      "pname": "uv",
      "rev": "567a49d1913ce81ac6e9582e3553dd90a955875f",
      "rev_count": 1017464,
      "rev_date": "2026-06-16T02:33:49Z",
      "scrape_date": "2026-06-17T03:47:42.802917Z",
      "stabilities": [
        "unstable"
      ],
      "unfree": false,
      "version": "0.11.19",
      "outputs_to_install": [
        "out"
      ],
      "outputs": {
        "out": "/nix/store/d247y1hg4d7hb38h3bnb6r503qy2ky78-uv-0.11.19"
      },
      "system": "aarch64-linux",
      "group": "toplevel",
      "priority": 5
    },
    {
      "attr_path": "uv",
      "broken": false,
      "derivation": "/nix/store/krw8vs7zd628pgksi33r3m22axssx5mb-uv-0.11.19.drv",
      "description": "Extremely fast Python package installer and resolver, written in Rust",
      "install_id": "uv",
      "license": "[ Apache-2.0, MIT ]",
      "locked_url": "https://github.com/flox/nixpkgs?rev=567a49d1913ce81ac6e9582e3553dd90a955875f",
      "name": "uv-0.11.19",
      "pname": "uv",
      "rev": "567a49d1913ce81ac6e9582e3553dd90a955875f",
      "rev_count": 1017464,
      "rev_date": "2026-06-16T02:33:49Z",
      "scrape_date": "2026-06-17T04:15:56.262354Z",
      "stabilities": [
        "unstable"
      ],
      "unfree": false,
      "version": "0.11.19",
      "outputs_to_install": [
        "out"
      ],
      "outputs": {
        "out": "/nix/store/285wms6br1rpnjydfl1x1qd82bvvrhc1-uv-0.11.19"
      },
      "system": "x86_64-darwin",
      "group": "toplevel",
      "priority": 5
    },
    {
      "attr_path": "uv",
      "broken": false,
      "derivation": "/nix/store/6gsa8bwxzr74ilavh9xy2nr40k0p58k7-uv-0.11.19.drv",
      "description": "Extremely fast Python package installer and resolver, written in Rust",
      "install_id": "uv",
      "license": "[ Apache-2.0, MIT ]",
      "locked_url": "https://github.com/flox/nixpkgs?rev=567a49d1913ce81ac6e9582e3553dd90a955875f",
      "name": "uv-0.11.19",
      "pname": "uv",
      "rev": "567a49d1913ce81ac6e9582e3553dd90a955875f",
      "rev_count": 1017464,
      "rev_date": "2026-06-16T02:33:49Z",
      "scrape_date": "2026-06-17T04:50:46.018941Z",
      "stabilities": [
        "unstable"
      ],
      "unfree": false,
      "version": "0.11.19",
      "outputs_to_install": [
        "out"
      ],
      "outputs": {
        "out": "/nix/store/2xqsvim09lc968bc67w0jvxpp2j4lfm5-uv-0.11.19"
      },
      "system": "x86_64-linux",
      "group": "toplevel",
      "priority": 5
    },
    {
      "attr_path": "yq-go",
      "broken": false,
      "derivation": "/nix/store/45ij43aqn52094al1c6p8rfffmzzwww8-yq-go-4.53.3.drv",
      "description": "Portable command-line YAML processor",
      "install_id": "yq",
      "license": "[ MIT ]",
      "locked_url": "https://github.com/flox/nixpkgs?rev=567a49d1913ce81ac6e9582e3553dd90a955875f",
      "name": "yq-go-4.53.3",
      "pname": "yq-go",
      "rev": "567a49d1913ce81ac6e9582e3553dd90a955875f",
      "rev_count": 1017464,
      "rev_date": "2026-06-16T02:33:49Z",
      "scrape_date": "2026-06-17T03:16:19.212621Z",
      "stabilities": [
        "unstable"
      ],
      "unfree": false,
      "version": "4.53.3",
      "outputs_to_install": [
        "out"
      ],
      "outputs": {
        "out": "/nix/store/ra25hniwf2q0wgk8qsngzinjjy0d2zfk-yq-go-4.53.3"
      },
      "system": "aarch64-darwin",
      "group": "toplevel",
      "priority": 5
    },
    {
      "attr_path": "yq-go",
      "broken": false,
      "derivation": "/nix/store/i3w7bzkdlg9z929zgbd4kpsrfdmjvi4v-yq-go-4.53.3.drv",
      "description": "Portable command-line YAML processor",
      "install_id": "yq",
      "license": "[ MIT ]",
      "locked_url": "https://github.com/flox/nixpkgs?rev=567a49d1913ce81ac6e9582e3553dd90a955875f",
      "name": "yq-go-4.53.3",
      "pname": "yq-go",
      "rev": "567a49d1913ce81ac6e9582e3553dd90a955875f",
      "rev_count": 1017464,
      "rev_date": "2026-06-16T02:33:49Z",
      "scrape_date": "2026-06-17T03:48:04.120603Z",
      "stabilities": [
        "unstable"
      ],
      "unfree": false,
      "version": "4.53.3",
      "outputs_to_install": [
        "out"
      ],
      "outputs": {
        "out": "/nix/store/44mvgs3i53zr64y7mffxynd12z5r1rx9-yq-go-4.53.3"
      },
      "system": "aarch64-linux",
      "group": "toplevel",
      "priority": 5
    },
    {
      "attr_path": "yq-go",
      "broken": false,
      "derivation": "/nix/store/0c0lf8jl23aa9zkbvanlwb65hnzzard9-yq-go-4.53.3.drv",
      "description": "Portable command-line YAML processor",
      "install_id": "yq",
      "license": "[ MIT ]",
      "locked_url": "https://github.com/flox/nixpkgs?rev=567a49d1913ce81ac6e9582e3553dd90a955875f",
      "name": "yq-go-4.53.3",
      "pname": "yq-go",
      "rev": "567a49d1913ce81ac6e9582e3553dd90a955875f",
      "rev_count": 1017464,
      "rev_date": "2026-06-16T02:33:49Z",
      "scrape_date": "2026-06-17T04:16:13.453676Z",
      "stabilities": [
        "unstable"
      ],
      "unfree": false,
      "version": "4.53.3",
      "outputs_to_install": [
        "out"
      ],
      "outputs": {
        "out": "/nix/store/2i52idac46kyqia6630pjc09nad8jvsc-yq-go-4.53.3"
      },
      "system": "x86_64-darwin",
      "group": "toplevel",
      "priority": 5
    },
    {
      "attr_path": "yq-go",
      "broken": false,
      "derivation": "/nix/store/r2s1q0q3z9ys33g3hzp4gllzm6ha51y1-yq-go-4.53.3.drv",
      "description": "Portable command-line YAML processor",
      "install_id": "yq",
      "license": "[ MIT ]",
      "locked_url": "https://github.com/flox/nixpkgs?rev=567a49d1913ce81ac6e9582e3553dd90a955875f",
      "name": "yq-go-4.53.3",
      "pname": "yq-go",
      "rev": "567a49d1913ce81ac6e9582e3553dd90a955875f",
      "rev_count": 1017464,
      "rev_date": "2026-06-16T02:33:49Z",
      "scrape_date": "2026-06-17T04:51:08.409741Z",
      "stabilities": [
        "unstable"
      ],
      "unfree": false,
      "version": "4.53.3",
      "outputs_to_install": [
        "out"
      ],
      "outputs": {
        "out": "/nix/store/jrkwx3ylr1aid4c3kpjcpwrsv2l5baj5-yq-go-4.53.3"
      },
      "system": "x86_64-linux",
      "group": "toplevel",
      "priority": 5
    }
  ]
}
